
Microsoft Visual Studio Solution File, Format Version 12.00
# Visual Studio Version 16
VisualStudioVersion = 16.0.29306.81
MinimumVisualStudioVersion = 10.0.40219.1
Project("{9A19103F-16F7-4668-BE54-9A1E7A4F7556}") = "AzureStorageTest_Example", "AzureStorageTest_Example\AzureStorageTest_Example.csproj", "{4A84874F-B38E-42B1-BB4F-C741FBFF92C2}"
EndProject
Global
	GlobalSection(SolutionConfigurationPlatforms) = preSolution
		Debug|Any CPU = Debug|Any CPU
		Release|Any CPU = Release|Any CPU
	EndGlobalSection
	GlobalSection(ProjectConfigurationPlatforms) = postSolution
		{4A84874F-B38E-42B1-BB4F-C741FBFF92C2}.Debug|Any CPU.ActiveCfg = Debug|Any CPU
		{4A84874F-B38E-42B1-BB4F-C741FBFF92C2}.Debug|Any CPU.Build.0 = Debug|Any CPU
		{4A84874F-B38E-42B1-BB4F-C741FBFF92C2}.Release|Any CPU.ActiveCfg = Release|Any CPU
		{4A84874F-B38E-42B1-BB4F-C741FBFF92C2}.Release|Any CPU.Build.0 = Release|Any CPU
	EndGlobalSection
	GlobalSection(SolutionProperties) = preSolution
		HideSolutionNode = FALSE
	EndGlobalSection
	GlobalSection(ExtensibilityGlobals) = postSolution
		SolutionGuid = {C22022DC-BD0D-4F42-9EAD-BBB2131A41CD}
	EndGlobalSection
EndGlobal
