Microsoft Visual Studio Solution File, Format Version 12.00
# Visual Studio 15
VisualStudioVersion = 15.0.26403.0
MinimumVisualStudioVersion = 15.0.26124.0
Project("{9A19103F-16F7-4668-BE54-9A1E7A4F7556}") = "ASC.Web", "ASC.Web\ASC.Web.csproj", "{C0044951-5888-4F67-B2A7-CA6EE89529B3}"
EndProject
Project("{FAE04EC0-301F-11D3-BF4B-00C04F79EFBC}") = "ASC.Models", "ASC.Models\ASC.Models.csproj", "{F809AD90-17E0-4449-A336-A0869145DF54}"
EndProject
Project("{FAE04EC0-301F-11D3-BF4B-00C04F79EFBC}") = "ASC.DataAccess", "ASC.DataAccess\ASC.DataAccess.csproj", "{2562172A-C17A-496B-BC4B-537AC666AC14}"
EndProject
Project("{FAE04EC0-301F-11D3-BF4B-00C04F79EFBC}") = "ASC.Utilities", "ASC.Utilities\ASC.Utilities.csproj", "{278F12E1-EB8F-4BF0-B494-DE0AB1E01DD0}"
EndProject
Global
	GlobalSection(SolutionConfigurationPlatforms) = preSolution
		Debug|Any CPU = Debug|Any CPU
		Debug|x64 = Debug|x64
		Debug|x86 = Debug|x86
		Release|Any CPU = Release|Any CPU
		Release|x64 = Release|x64
		Release|x86 = Release|x86
	EndGlobalSection
	GlobalSection(ProjectConfigurationPlatforms) = postSolution
		{C0044951-5888-4F67-B2A7-CA6EE89529B3}.Debug|Any CPU.ActiveCfg = Debug|Any CPU
		{C0044951-5888-4F67-B2A7-CA6EE89529B3}.Debug|Any CPU.Build.0 = Debug|Any CPU
		{C0044951-5888-4F67-B2A7-CA6EE89529B3}.Debug|x64.ActiveCfg = Debug|Any CPU
		{C0044951-5888-4F67-B2A7-CA6EE89529B3}.Debug|x64.Build.0 = Debug|Any CPU
		{C0044951-5888-4F67-B2A7-CA6EE89529B3}.Debug|x86.ActiveCfg = Debug|Any CPU
		{C0044951-5888-4F67-B2A7-CA6EE89529B3}.Debug|x86.Build.0 = Debug|Any CPU
		{C0044951-5888-4F67-B2A7-CA6EE89529B3}.Release|Any CPU.ActiveCfg = Release|Any CPU
		{C0044951-5888-4F67-B2A7-CA6EE89529B3}.Release|Any CPU.Build.0 = Release|Any CPU
		{C0044951-5888-4F67-B2A7-CA6EE89529B3}.Release|x64.ActiveCfg = Release|Any CPU
		{C0044951-5888-4F67-B2A7-CA6EE89529B3}.Release|x64.Build.0 = Release|Any CPU
		{C0044951-5888-4F67-B2A7-CA6EE89529B3}.Release|x86.ActiveCfg = Release|Any CPU
		{C0044951-5888-4F67-B2A7-CA6EE89529B3}.Release|x86.Build.0 = Release|Any CPU
		{F809AD90-17E0-4449-A336-A0869145DF54}.Debug|Any CPU.ActiveCfg = Debug|Any CPU
		{F809AD90-17E0-4449-A336-A0869145DF54}.Debug|Any CPU.Build.0 = Debug|Any CPU
		{F809AD90-17E0-4449-A336-A0869145DF54}.Debug|x64.ActiveCfg = Debug|Any CPU
		{F809AD90-17E0-4449-A336-A0869145DF54}.Debug|x64.Build.0 = Debug|Any CPU
		{F809AD90-17E0-4449-A336-A0869145DF54}.Debug|x86.ActiveCfg = Debug|Any CPU
		{F809AD90-17E0-4449-A336-A0869145DF54}.Debug|x86.Build.0 = Debug|Any CPU
		{F809AD90-17E0-4449-A336-A0869145DF54}.Release|Any CPU.ActiveCfg = Release|Any CPU
		{F809AD90-17E0-4449-A336-A0869145DF54}.Release|Any CPU.Build.0 = Release|Any CPU
		{F809AD90-17E0-4449-A336-A0869145DF54}.Release|x64.ActiveCfg = Release|Any CPU
		{F809AD90-17E0-4449-A336-A0869145DF54}.Release|x64.Build.0 = Release|Any CPU
		{F809AD90-17E0-4449-A336-A0869145DF54}.Release|x86.ActiveCfg = Release|Any CPU
		{F809AD90-17E0-4449-A336-A0869145DF54}.Release|x86.Build.0 = Release|Any CPU
		{2562172A-C17A-496B-BC4B-537AC666AC14}.Debug|Any CPU.ActiveCfg = Debug|Any CPU
		{2562172A-C17A-496B-BC4B-537AC666AC14}.Debug|Any CPU.Build.0 = Debug|Any CPU
		{2562172A-C17A-496B-BC4B-537AC666AC14}.Debug|x64.ActiveCfg = Debug|Any CPU
		{2562172A-C17A-496B-BC4B-537AC666AC14}.Debug|x64.Build.0 = Debug|Any CPU
		{2562172A-C17A-496B-BC4B-537AC666AC14}.Debug|x86.ActiveCfg = Debug|Any CPU
		{2562172A-C17A-496B-BC4B-537AC666AC14}.Debug|x86.Build.0 = Debug|Any CPU
		{2562172A-C17A-496B-BC4B-537AC666AC14}.Release|Any CPU.ActiveCfg = Release|Any CPU
		{2562172A-C17A-496B-BC4B-537AC666AC14}.Release|Any CPU.Build.0 = Release|Any CPU
		{2562172A-C17A-496B-BC4B-537AC666AC14}.Release|x64.ActiveCfg = Release|Any CPU
		{2562172A-C17A-496B-BC4B-537AC666AC14}.Release|x64.Build.0 = Release|Any CPU
		{2562172A-C17A-496B-BC4B-537AC666AC14}.Release|x86.ActiveCfg = Release|Any CPU
		{2562172A-C17A-496B-BC4B-537AC666AC14}.Release|x86.Build.0 = Release|Any CPU
		{278F12E1-EB8F-4BF0-B494-DE0AB1E01DD0}.Debug|Any CPU.ActiveCfg = Debug|Any CPU
		{278F12E1-EB8F-4BF0-B494-DE0AB1E01DD0}.Debug|Any CPU.Build.0 = Debug|Any CPU
		{278F12E1-EB8F-4BF0-B494-DE0AB1E01DD0}.Debug|x64.ActiveCfg = Debug|Any CPU
		{278F12E1-EB8F-4BF0-B494-DE0AB1E01DD0}.Debug|x64.Build.0 = Debug|Any CPU
		{278F12E1-EB8F-4BF0-B494-DE0AB1E01DD0}.Debug|x86.ActiveCfg = Debug|Any CPU
		{278F12E1-EB8F-4BF0-B494-DE0AB1E01DD0}.Debug|x86.Build.0 = Debug|Any CPU
		{278F12E1-EB8F-4BF0-B494-DE0AB1E01DD0}.Release|Any CPU.ActiveCfg = Release|Any CPU
		{278F12E1-EB8F-4BF0-B494-DE0AB1E01DD0}.Release|Any CPU.Build.0 = Release|Any CPU
		{278F12E1-EB8F-4BF0-B494-DE0AB1E01DD0}.Release|x64.ActiveCfg = Release|Any CPU
		{278F12E1-EB8F-4BF0-B494-DE0AB1E01DD0}.Release|x64.Build.0 = Release|Any CPU
		{278F12E1-EB8F-4BF0-B494-DE0AB1E01DD0}.Release|x86.ActiveCfg = Release|Any CPU
		{278F12E1-EB8F-4BF0-B494-DE0AB1E01DD0}.Release|x86.Build.0 = Release|Any CPU
	EndGlobalSection
	GlobalSection(SolutionProperties) = preSolution
		HideSolutionNode = FALSE
	EndGlobalSection
EndGlobal
